{
  "version": "5",
  "redirects": {
    "https://esm.sh/@supabase/functions-js/src/edge-runtime.d.ts": "https://esm.sh/@supabase/functions-js@2.5.0/src/edge-runtime.d.ts",
    "https://esm.sh/@supabase/functions-js@^2.1.5?target=denonext": "https://esm.sh/@supabase/functions-js@2.4.5?target=denonext",
    "https://esm.sh/@supabase/gotrue-js@^2.60.0?target=denonext": "https://esm.sh/@supabase/gotrue-js@2.70.0?target=denonext",
    "https://esm.sh/@supabase/node-fetch@^2.6.13?target=denonext": "https://esm.sh/@supabase/node-fetch@2.6.15?target=denonext",
    "https://esm.sh/@supabase/node-fetch@^2.6.14?target=denonext": "https://esm.sh/@supabase/node-fetch@2.6.15?target=denonext",
    "https://esm.sh/@supabase/postgrest-js@^1.9.0?target=denonext": "https://esm.sh/@supabase/postgrest-js@1.21.0?target=denonext",
    "https://esm.sh/@supabase/realtime-js@^2.9.3?target=denonext": "https://esm.sh/@supabase/realtime-js@2.12.2?target=denonext",
    "https://esm.sh/@supabase/storage-js@^2.5.4?target=denonext": "https://esm.sh/@supabase/storage-js@2.10.2?target=denonext",
    "https://esm.sh/isows@^1.0.7?target=denonext": "https://esm.sh/isows@1.0.7?target=denonext",
    "https://esm.sh/tr46@~0.0.3?target=denonext": "https://esm.sh/tr46@0.0.3?target=denonext",
    "https://esm.sh/webidl-conversions@^3.0.0?target=denonext": "https://esm.sh/webidl-conversions@3.0.1?target=denonext",
    "https://esm.sh/whatwg-url@^5.0.0?target=denonext": "https://esm.sh/whatwg-url@5.0.0?target=denonext"
  },
  "remote": {
    "https://deno.land/std@0.220.0/async/delay.ts": "8e1d18fe8b28ff95885e2bc54eccec1713f57f756053576d8228e6ca110793ad",
    "https://deno.land/std@0.220.0/http/server.ts": "cc8ae0de927c3afc855466b89bf9a7a3196223f47f2723e218912c6ca3eb166c",
    "https://esm.sh/@supabase/functions-js@2.4.5/denonext/functions-js.mjs": "acfcb4db90c292c335a9dbb5664485f5e0b680533d68e6942abb9387ec7e0d0b",
    "https://esm.sh/@supabase/functions-js@2.4.5?target=denonext": "436c192af672106cd6eda10f518ed49795c21e78af5eb0d7000507e0886c6afa",
    "https://esm.sh/@supabase/gotrue-js@2.70.0/denonext/gotrue-js.mjs": "98f35291588b46acaf1a109d92b2f4423609595aba9a2ef8be611b413df03201",
    "https://esm.sh/@supabase/gotrue-js@2.70.0?target=denonext": "05513b9349789ef1cf6284457abbe0a864601da43ce79986ca028c1699489020",
    "https://esm.sh/@supabase/node-fetch@2.6.15/denonext/node-fetch.mjs": "0bae9052231f4f6dbccc7234d05ea96923dbf967be12f402764580b6bf9f713d",
    "https://esm.sh/@supabase/node-fetch@2.6.15?target=denonext": "4d28c4ad97328403184353f68434f2b6973971507919e9150297413664919cf3",
    "https://esm.sh/@supabase/postgrest-js@1.21.0/denonext/postgrest-js.mjs": "9949f7f1188130ebb841fb1da17c25df288aad9a6c25032f041cee4d3b5ffe8c",
    "https://esm.sh/@supabase/postgrest-js@1.21.0?target=denonext": "d8b05ac2b1486012a6e3c7d38d012376ff030fc84580b5894c3d368b99b08958",
    "https://esm.sh/@supabase/realtime-js@2.12.2/denonext/realtime-js.mjs": "d01faf4b54122096ab9e0b1e2aee43429231d6d21e526496c9fe6185e916ed5d",
    "https://esm.sh/@supabase/realtime-js@2.12.2?target=denonext": "da6f8cd372389a3625ccdd0fc5e2f6c2d6cce4c0ea13a80067aaefca2c993c63",
    "https://esm.sh/@supabase/storage-js@2.10.2/denonext/storage-js.mjs": "3c00e7efbecc658b10ca32cdca3fd915472cb17bd71430576403c2000a1fbdcd",
    "https://esm.sh/@supabase/storage-js@2.10.2?target=denonext": "9b9f7d17cdfe5233976e50d15c2e2fedc1b9c5bc742f2cf6a62ef4425fd8e1f7",
    "https://esm.sh/@supabase/supabase-js@2.39.3": "832d7714491bd1c8a9008a332b35cb099f24b451ad79e755ecf4d71985fd6610",
    "https://esm.sh/@supabase/supabase-js@2.39.3/denonext/supabase-js.mjs": "054f4cd1560fa814cdc10d06c0809b00d0817dc06a072fa983e4c023e4346439",
    "https://esm.sh/isows@1.0.7/denonext/isows.mjs": "be1812ebbf28737b43588bbcbd89bf43345e3d58d32be13def331d12361045b4",
    "https://esm.sh/isows@1.0.7?target=denonext": "31b7306eada995ba18e29841d688a42bcc0166caf302e1b183b6d2a7c649f262",
    "https://esm.sh/tr46@0.0.3/denonext/tr46.mjs": "5753ec0a99414f4055f0c1f97691100f13d88e48a8443b00aebb90a512785fa2",
    "https://esm.sh/tr46@0.0.3?target=denonext": "19cb9be0f0d418a0c3abb81f2df31f080e9540a04e43b0f699bce1149cba0cbb",
    "https://esm.sh/webidl-conversions@3.0.1/denonext/webidl-conversions.mjs": "54b5c2d50a294853c4ccebf9d5ed8988c94f4e24e463d84ec859a866ea5fafec",
    "https://esm.sh/webidl-conversions@3.0.1?target=denonext": "4e20318d50528084616c79d7b3f6e7f0fe7b6d09013bd01b3974d7448d767e29",
    "https://esm.sh/whatwg-url@5.0.0/denonext/whatwg-url.mjs": "29b16d74ee72624c915745bbd25b617cfd2248c6af0f5120d131e232a9a9af79",
    "https://esm.sh/whatwg-url@5.0.0?target=denonext": "f001a2cadf81312d214ca330033f474e74d81a003e21e8c5d70a1f46dc97b02d"
  },
  "workspace": {
    "packageJson": {
      "dependencies": [
        "npm:@ai-sdk/groq@^1.2.8",
        "npm:@ai-sdk/react@^1.2.11",
        "npm:@auth/prisma-adapter@^1.5.0",
        "npm:@browserbasehq/sdk@^2.6.0",
        "npm:@browserbasehq/stagehand@^2.4.1",
        "npm:@clerk/nextjs@^6.23.2",
        "npm:@elevenlabs/elevenlabs-js@^2.9.0",
        "npm:@google/generative-ai@~0.24.1",
        "npm:@heroicons/react@^2.2.0",
        "npm:@hugeicons/core-free-icons@^1.0.17",
        "npm:@hugeicons/react@^1.1.1",
        "npm:@mediapipe/tasks-vision@~0.10.21",
        "npm:@mendable/firecrawl-js@^1.29.1",
        "npm:@neondatabase/serverless@^1.0.1",
        "npm:@number-flow/react@~0.5.5",
        "npm:@platejs/basic-nodes@49",
        "npm:@prisma/client@^5.22.0",
        "npm:@radix-ui/react-accordion@^1.2.1",
        "npm:@radix-ui/react-alert-dialog@^1.1.4",
        "npm:@radix-ui/react-avatar@^1.1.1",
        "npm:@radix-ui/react-checkbox@^1.1.2",
        "npm:@radix-ui/react-collapsible@^1.1.10",
        "npm:@radix-ui/react-dialog@^1.1.6",
        "npm:@radix-ui/react-dropdown-menu@^2.1.15",
        "npm:@radix-ui/react-label@^2.1.0",
        "npm:@radix-ui/react-navigation-menu@^1.2.1",
        "npm:@radix-ui/react-popover@^1.1.2",
        "npm:@radix-ui/react-progress@^1.1.2",
        "npm:@radix-ui/react-radio-group@^1.2.1",
        "npm:@radix-ui/react-scroll-area@^1.2.9",
        "npm:@radix-ui/react-select@^2.1.2",
        "npm:@radix-ui/react-separator@^1.1.7",
        "npm:@radix-ui/react-slider@^1.2.1",
        "npm:@radix-ui/react-slot@^1.2.3",
        "npm:@radix-ui/react-switch@^1.1.3",
        "npm:@radix-ui/react-tabs@^1.1.1",
        "npm:@radix-ui/react-toast@^1.2.4",
        "npm:@radix-ui/react-toolbar@^1.1.10",
        "npm:@radix-ui/react-tooltip@^1.2.7",
        "npm:@sanity/icons@^3.4.0",
        "npm:@sanity/image-url@^1.1.0",
        "npm:@sanity/vision@^3.64.1",
        "npm:@shopify/app-bridge-react@^4.1.6",
        "npm:@shopify/polaris@^13.9.2",
        "npm:@stripe/react-stripe-js@4",
        "npm:@stripe/stripe-js@^7.9.0",
        "npm:@supabase/auth-helpers-nextjs@0.10",
        "npm:@supabase/supabase-js@^2.50.5",
        "npm:@tabler/icons-react@^3.22.0",
        "npm:@tremor/react@^3.18.7",
        "npm:@types/bcrypt@^5.0.2",
        "npm:@types/google.maps@^3.58.1",
        "npm:@types/ioredis@5",
        "npm:@types/mongoose@^5.11.97",
        "npm:@types/node@^20.11.27",
        "npm:@types/nodemailer@^6.4.14",
        "npm:@types/prismjs@^1.26.3",
        "npm:@types/react-dom@18",
        "npm:@types/react@^18.2.66",
        "npm:@types/three@0.170",
        "npm:@types/uuid@10",
        "npm:@vercel/speed-insights@^1.1.0",
        "npm:@workos-inc/authkit-nextjs@^2.4.1",
        "npm:@workos-inc/node@^7.57.0",
        "npm:ai@^4.3.13",
        "npm:autoprefixer@^10.0.1",
        "npm:axios@^1.7.9",
        "npm:bcrypt@^5.0.1",
        "npm:canvas-confetti@^1.9.3",
        "npm:chart.js@^4.4.8",
        "npm:cheerio@1",
        "npm:class-variance-authority@~0.7.1",
        "npm:clsx@^2.1.1",
        "npm:cmdk@^1.0.4",
        "npm:crypto@^1.0.1",
        "npm:date-fns@^3.6.0",
        "npm:deno@^2.5.1",
        "npm:dotenv@^16.6.1",
        "npm:embla-carousel-react@^8.5.1",
        "npm:eslint-config-next@^14.1.3",
        "npm:eslint@8",
        "npm:express@^5.1.0",
        "npm:framer-motion@^11.18.2",
        "npm:gray-matter@^4.0.3",
        "npm:groq-sdk@0.32",
        "npm:ioredis@^5.7.0",
        "npm:json2csv@^6.0.0-alpha.2",
        "npm:lucide-react@0.461",
        "npm:marked@^15.0.12",
        "npm:mongoose@^8.18.1",
        "npm:next-auth@^4.24.5",
        "npm:next-sanity@^9.8.12",
        "npm:next-themes@0.3",
        "npm:next@^15.3.4",
        "npm:node-fetch@^3.3.2",
        "npm:nodemailer@^6.9.12",
        "npm:openai@^4.87.3",
        "npm:playwright-core@^1.54.1",
        "npm:postcss@8",
        "npm:posthog-js@^1.257.1",
        "npm:posthog-node@^5.1.1",
        "npm:prettier-plugin-tailwindcss@~0.5.7",
        "npm:prettier@^3.1.0",
        "npm:prisma@^5.22.0",
        "npm:prismjs@^1.29.0",
        "npm:query-string@^9.1.1",
        "npm:react-day-picker@^9.7.0",
        "npm:react-dom@^18.3.1",
        "npm:react-error-boundary@^4.1.2",
        "npm:react-hot-toast@^2.4.1",
        "npm:react-intersection-observer@^9.13.1",
        "npm:react-is@^19.1.1",
        "npm:react-markdown@^10.1.0",
        "npm:react@^18.3.1",
        "npm:recharts@^2.15.3",
        "npm:redis@^5.8.2",
        "npm:remark-gfm@^4.0.1",
        "npm:remark-html@^16.0.1",
        "npm:remark@^15.0.1",
        "npm:resend@^4.6.0",
        "npm:sanity@^3.64.1",
        "npm:shiki@^3.7.0",
        "npm:simplex-noise@^4.0.3",
        "npm:snoowrap@^1.23.0",
        "npm:sonner@^2.0.5",
        "npm:stripe@^14.7.0",
        "npm:styled-components@^6.1.13",
        "npm:svix@^1.69.0",
        "npm:tailgrids@^2.1.0",
        "npm:tailwind-merge@^2.5.5",
        "npm:tailwind-scrollbar-hide@4",
        "npm:tailwindcss-animate@^1.0.7",
        "npm:tailwindcss@^3.3.0",
        "npm:three@~0.167.1",
        "npm:tsconfig@7",
        "npm:twilio@^5.7.2",
        "npm:typescript@5",
        "npm:uuid@12",
        "npm:vaul@^1.1.2",
        "npm:zod@^3.25.76"
      ]
    }
  }
}
